
Microsoft Visual Studio Solution File, Format Version 12.00
# Visual Studio Version 16
VisualStudioVersion = 16.0.29920.165
MinimumVisualStudioVersion = 10.0.40219.1
Project("{FAE04EC0-301F-11D3-BF4B-00C04F79EFBC}") = "CSGO External", "CSGO External\CSGO External.csproj", "{4E0F0952-27D2-4121-9721-4CEAF87D16C2}"
EndProject
Global
	GlobalSection(SolutionConfigurationPlatforms) = preSolution
		Debug|Any CPU = Debug|Any CPU
		Debug|x64 = Debug|x64
		Debug|x86 = Debug|x86
		Release|Any CPU = Release|Any CPU
		Release|x64 = Release|x64
		Release|x86 = Release|x86
	EndGlobalSection
	GlobalSection(ProjectConfigurationPlatforms) = postSolution
		{4E0F0952-27D2-4121-9721-4CEAF87D16C2}.Debug|Any CPU.ActiveCfg = Debug|Any CPU
		{4E0F0952-27D2-4121-9721-4CEAF87D16C2}.Debug|Any CPU.Build.0 = Debug|Any CPU
		{4E0F0952-27D2-4121-9721-4CEAF87D16C2}.Debug|x64.ActiveCfg = Debug|x64
		{4E0F0952-27D2-4121-9721-4CEAF87D16C2}.Debug|x64.Build.0 = Debug|x64
		{4E0F0952-27D2-4121-9721-4CEAF87D16C2}.Debug|x86.ActiveCfg = Debug|x86
		{4E0F0952-27D2-4121-9721-4CEAF87D16C2}.Debug|x86.Build.0 = Debug|x86
		{4E0F0952-27D2-4121-9721-4CEAF87D16C2}.Release|Any CPU.ActiveCfg = Release|Any CPU
		{4E0F0952-27D2-4121-9721-4CEAF87D16C2}.Release|Any CPU.Build.0 = Release|Any CPU
		{4E0F0952-27D2-4121-9721-4CEAF87D16C2}.Release|x64.ActiveCfg = Release|x64
		{4E0F0952-27D2-4121-9721-4CEAF87D16C2}.Release|x64.Build.0 = Release|x64
		{4E0F0952-27D2-4121-9721-4CEAF87D16C2}.Release|x86.ActiveCfg = Release|x86
		{4E0F0952-27D2-4121-9721-4CEAF87D16C2}.Release|x86.Build.0 = Release|x86
	EndGlobalSection
	GlobalSection(SolutionProperties) = preSolution
		HideSolutionNode = FALSE
	EndGlobalSection
	GlobalSection(ExtensibilityGlobals) = postSolution
		SolutionGuid = {56580700-36D5-47A5-A2AA-708A0A331F4E}
	EndGlobalSection
EndGlobal
